
Microsoft Visual Studio Solution File, Format Version 12.00
# Visual Studio Version 16
VisualStudioVersion = 16.0.29609.76
MinimumVisualStudioVersion = 10.0.40219.1
Project("{888888A0-9F3D-457C-B088-3A5042F75D52}") = "Principles lab1", "Principles lab1\Principles lab1.pyproj", "{5E5FEC57-5747-4BB5-9E77-800438A13637}"
EndProject
Global
	GlobalSection(SolutionConfigurationPlatforms) = preSolution
		Debug|Any CPU = Debug|Any CPU
		Release|Any CPU = Release|Any CPU
	EndGlobalSection
	GlobalSection(ProjectConfigurationPlatforms) = postSolution
		{5E5FEC57-5747-4BB5-9E77-800438A13637}.Debug|Any CPU.ActiveCfg = Debug|Any CPU
		{5E5FEC57-5747-4BB5-9E77-800438A13637}.Release|Any CPU.ActiveCfg = Release|Any CPU
	EndGlobalSection
	GlobalSection(SolutionProperties) = preSolution
		HideSolutionNode = FALSE
	EndGlobalSection
	GlobalSection(ExtensibilityGlobals) = postSolution
		SolutionGuid = {D226BCD6-7F01-4F5D-97D8-ACDA1E4A8A31}
	EndGlobalSection
EndGlobal
